<Solution>
  <Folder Name="/01CreationalPatterns/">
    <Project Path="01CretionalPatterns/01SingletonPattern/01SingletonPattern.csproj" />
    <Project Path="01CretionalPatterns/02FactoryPattern/02FactoryPattern.csproj" />
    <Project Path="01CretionalPatterns/03AbstractFactoryPattern/03AbstractFactoryPattern.csproj" />
    <Project Path="01CretionalPatterns/04BuilderPattern/04BuilderPattern.csproj" />
  </Folder>
  <Folder Name="/Solution Items/">
    <File Path="README.md" />
  </Folder>
</Solution>
