<Solution>
  <Folder Name="/01CreationalPatterns/">
    <Project Path="01CretionalPatterns/01SingletonPattern/01SingletonPattern.csproj" />
    <Project Path="01CretionalPatterns/02FactoryPattern/02FactoryPattern.csproj" />
    <Project Path="01CretionalPatterns/03AbstractFactoryPattern/03AbstractFactoryPattern.csproj" />
    <Project Path="01CretionalPatterns/04BuilderPattern/04BuilderPattern.csproj" />
    <Project Path="01CretionalPatterns/05PrototypePattern/05PrototypePattern.csproj" />
  </Folder>
  <Folder Name="/02StructuralPatterns/">
    <Project Path="02StructuralPatterns/01AdapterPattern/01AdapterPattern.csproj" />
    <Project Path="02StructuralPatterns/02BridgePattern/02BridgePattern.csproj" Id="b6ad4d13-07bd-4992-8676-447c1659b18c" />
  </Folder>
  <Folder Name="/Solution Items/">
    <File Path="README.md" />
  </Folder>
</Solution>
