<Solution>
  <Folder Name="/01CreationalPatterns/">
    <Project Path="01CretionalPatterns/01SingletonPattern/01SingletonPattern.csproj" />
    <Project Path="01CretionalPatterns/02FactoryPattern/02FactoryPattern.csproj" />
    <Project Path="01CretionalPatterns/03AbstractFactoryPattern/03AbstractFactoryPattern.csproj" />
    <Project Path="01CretionalPatterns/04BuilderPattern/04BuilderPattern.csproj" />
    <Project Path="01CretionalPatterns/05PrototypePattern/05PrototypePattern.csproj" />
  </Folder>
  <Folder Name="/02StructuralPatterns/">
    <Project Path="02StructuralPatterns/01AdapterPattern/01AdapterPattern.csproj" />
    <Project Path="02StructuralPatterns/02BridgePattern/02BridgePattern.csproj" Id="b6ad4d13-07bd-4992-8676-447c1659b18c" />
    <Project Path="02StructuralPatterns/03CompositePattern/03CompositePattern.csproj" Id="a7b76aa8-cfe8-41d4-99dc-a264e269e393" />
    <Project Path="02StructuralPatterns/04DecoratorPattern/04DecoratorPattern.csproj" Id="30c915cc-045d-4da3-8659-00c167224a31" />
    <Project Path="02StructuralPatterns/05FacadePattern/05FacadePattern.csproj" Id="99fe0f07-347d-4095-a81a-0c53b4b9d035" />
    <Project Path="02StructuralPatterns/06FlyweightPattern/06FlyweightPattern.csproj" Id="e1d16c92-ae49-4676-8489-9832fe8cd96f" />
    <Project Path="02StructuralPatterns/07ProxyPattern/07ProxyPattern.csproj" Id="96c83073-544d-4757-a7c8-9f323bf81d9e" />
  </Folder>
  <Folder Name="/03BehavioralPatterns/">
    <Project Path="03BehavioralPatterns/01ChainOfResponsibilityPattern/01ChainOfResponsibilityPattern.csproj" />
    <Project Path="03BehavioralPatterns/02CommandPattern/02CommandPattern.csproj" Id="8d2bceb8-bcfb-4a76-96c7-69fb550ad6af" />
    <Project Path="03BehavioralPatterns/03MediatorPattern/03MediatorPattern.csproj" Id="655fa7ff-a543-44fa-9488-7ec6cbbb9e25" />
  </Folder>
  <Folder Name="/04ModernPatterns/">
    <Project Path="04ModernPatterns/01Middleware/01Middleware.csproj" Id="46f122fa-fe31-4c54-bd36-4da780247909" />
    <Project Path="04ModernPatterns/04ResultPattern/04ResultPattern.csproj" Id="b4d857ba-e4d3-46c4-a0e3-c134d8ac84c4" />
    <Project Path="04ModernPatterns/05OutboxPattern/05OutboxPattern.csproj" Id="27b28822-e9c8-475c-aac8-41c747b5660e" />
    <Project Path="04ModernPatterns/07ResilencePattern/07ResilencePattern.csproj" Id="0784bbad-dcb6-4f1c-929f-1dc47f43ea8f" />
  </Folder>
  <Folder Name="/04ModernPatterns/02CQRSPattern/">
    <Project Path="04ModernPatterns/02CQRSPattern/02CQRSPattern.Application/02CQRSPattern.Application.csproj" Id="a79bbf3f-70cd-415e-a5d9-21a150fe14d0" />
    <Project Path="04ModernPatterns/02CQRSPattern/02CQRSPattern.Domain/02CQRSPattern.Domain.csproj" Id="80ce8ae1-d4d2-46ae-a5f4-07a2d520427b" />
    <Project Path="04ModernPatterns/02CQRSPattern/02CQRSPattern.WebAPI/02CQRSPattern.WebAPI.csproj" />
  </Folder>
  <Folder Name="/04ModernPatterns/03OptionsPattern/">
    <Project Path="04ModernPatterns/03OptionsPattern/03OptionsPattern.Infrastructure/03OptionsPattern.Infrastructure.csproj" Id="a2538c40-2e8e-48e9-adee-fe9ee77cdbb5" />
    <Project Path="04ModernPatterns/03OptionsPattern/03OptionsPattern.WebAPI/03OptionsPattern.WebAPI.csproj" Id="f1d3416c-ed03-461c-a807-477b1c1db2d2" />
  </Folder>
  <Folder Name="/04ModernPatterns/06ServiceDiscoveryPattern/">
    <Project Path="04ModernPatterns/06ServiceDiscoveryPattern/BasketWebAPI/BasketWebAPI.csproj" Id="efc0ee5e-8b6e-4a0e-bb04-4219a5bac660" />
    <Project Path="04ModernPatterns/06ServiceDiscoveryPattern/ProductWebAPI/ProductWebAPI.csproj" Id="c86fbdbe-e44c-49b8-8d30-3270f55b36b4" />
  </Folder>
  <Folder Name="/Solution Items/">
    <File Path="README.md" />
  </Folder>
</Solution>
